
Microsoft Visual Studio Solution File, Format Version 11.00
# Visual Studio 2010
Project("{FAE04EC0-301F-11D3-BF4B-00C04F79EFBC}") = "PubSubTests", "PubSubTests\PubSubTests.csproj", "{D0E6C71C-ADA2-4902-BAE2-FAAC02F39012}"
EndProject
Project("{2150E333-8FDC-42A3-9474-1A3956D46DE8}") = "Solution Items", "Solution Items", "{774B75CA-A75B-42FD-9020-A14AB33900CB}"
	ProjectSection(SolutionItems) = preProject
		AmitHirschPubSub.vsmdi = AmitHirschPubSub.vsmdi
		Local.testsettings = Local.testsettings
		TraceAndTestImpact.testsettings = TraceAndTestImpact.testsettings
	EndProjectSection
EndProject
Project("{FAE04EC0-301F-11D3-BF4B-00C04F79EFBC}") = "PubSub", "PubSub\PubSub.csproj", "{CB89E728-6CD1-41EE-A73B-2271C29CCB57}"
EndProject
Global
	GlobalSection(TestCaseManagementSettings) = postSolution
		CategoryFile = AmitHirschPubSub.vsmdi
	EndGlobalSection
	GlobalSection(SolutionConfigurationPlatforms) = preSolution
		Debug|Any CPU = Debug|Any CPU
		Debug|Mixed Platforms = Debug|Mixed Platforms
		Debug|x86 = Debug|x86
		Release|Any CPU = Release|Any CPU
		Release|Mixed Platforms = Release|Mixed Platforms
		Release|x86 = Release|x86
	EndGlobalSection
	GlobalSection(ProjectConfigurationPlatforms) = postSolution
		{D0E6C71C-ADA2-4902-BAE2-FAAC02F39012}.Debug|Any CPU.ActiveCfg = Debug|Any CPU
		{D0E6C71C-ADA2-4902-BAE2-FAAC02F39012}.Debug|Any CPU.Build.0 = Debug|Any CPU
		{D0E6C71C-ADA2-4902-BAE2-FAAC02F39012}.Debug|Mixed Platforms.ActiveCfg = Debug|Any CPU
		{D0E6C71C-ADA2-4902-BAE2-FAAC02F39012}.Debug|Mixed Platforms.Build.0 = Debug|Any CPU
		{D0E6C71C-ADA2-4902-BAE2-FAAC02F39012}.Debug|x86.ActiveCfg = Debug|Any CPU
		{D0E6C71C-ADA2-4902-BAE2-FAAC02F39012}.Release|Any CPU.ActiveCfg = Release|Any CPU
		{D0E6C71C-ADA2-4902-BAE2-FAAC02F39012}.Release|Any CPU.Build.0 = Release|Any CPU
		{D0E6C71C-ADA2-4902-BAE2-FAAC02F39012}.Release|Mixed Platforms.ActiveCfg = Release|Any CPU
		{D0E6C71C-ADA2-4902-BAE2-FAAC02F39012}.Release|Mixed Platforms.Build.0 = Release|Any CPU
		{D0E6C71C-ADA2-4902-BAE2-FAAC02F39012}.Release|x86.ActiveCfg = Release|Any CPU
		{CB89E728-6CD1-41EE-A73B-2271C29CCB57}.Debug|Any CPU.ActiveCfg = Debug|Any CPU
		{CB89E728-6CD1-41EE-A73B-2271C29CCB57}.Debug|Any CPU.Build.0 = Debug|Any CPU
		{CB89E728-6CD1-41EE-A73B-2271C29CCB57}.Debug|Mixed Platforms.ActiveCfg = Debug|Any CPU
		{CB89E728-6CD1-41EE-A73B-2271C29CCB57}.Debug|Mixed Platforms.Build.0 = Debug|Any CPU
		{CB89E728-6CD1-41EE-A73B-2271C29CCB57}.Debug|x86.ActiveCfg = Debug|Any CPU
		{CB89E728-6CD1-41EE-A73B-2271C29CCB57}.Release|Any CPU.ActiveCfg = Release|Any CPU
		{CB89E728-6CD1-41EE-A73B-2271C29CCB57}.Release|Any CPU.Build.0 = Release|Any CPU
		{CB89E728-6CD1-41EE-A73B-2271C29CCB57}.Release|Mixed Platforms.ActiveCfg = Release|Any CPU
		{CB89E728-6CD1-41EE-A73B-2271C29CCB57}.Release|Mixed Platforms.Build.0 = Release|Any CPU
		{CB89E728-6CD1-41EE-A73B-2271C29CCB57}.Release|x86.ActiveCfg = Release|Any CPU
	EndGlobalSection
	GlobalSection(SolutionProperties) = preSolution
		HideSolutionNode = FALSE
	EndGlobalSection
EndGlobal
